
Microsoft Visual Studio Solution File, Format Version 12.00
# Visual Studio Version 17
VisualStudioVersion = 17.4.33110.190
MinimumVisualStudioVersion = 10.0.40219.1
Project("{FAE04EC0-301F-11D3-BF4B-00C04F79EFBC}") = "Ejercicio 6. ordenar letras a mayor y numeros a menor", "Ejercicio 6. ordenar letras a mayor y numeros a menor\Ejercicio 6. ordenar letras a mayor y numeros a menor.csproj", "{A850F752-229A-4E81-9867-7B4402D72B01}"
EndProject
Global
	GlobalSection(SolutionConfigurationPlatforms) = preSolution
		Debug|Any CPU = Debug|Any CPU
		Release|Any CPU = Release|Any CPU
	EndGlobalSection
	GlobalSection(ProjectConfigurationPlatforms) = postSolution
		{A850F752-229A-4E81-9867-7B4402D72B01}.Debug|Any CPU.ActiveCfg = Debug|Any CPU
		{A850F752-229A-4E81-9867-7B4402D72B01}.Debug|Any CPU.Build.0 = Debug|Any CPU
		{A850F752-229A-4E81-9867-7B4402D72B01}.Release|Any CPU.ActiveCfg = Release|Any CPU
		{A850F752-229A-4E81-9867-7B4402D72B01}.Release|Any CPU.Build.0 = Release|Any CPU
	EndGlobalSection
	GlobalSection(SolutionProperties) = preSolution
		HideSolutionNode = FALSE
	EndGlobalSection
	GlobalSection(ExtensibilityGlobals) = postSolution
		SolutionGuid = {11D3A346-09B9-4F89-85C7-88E800F7BCF7}
	EndGlobalSection
EndGlobal
